
Microsoft Visual Studio Solution File, Format Version 12.00
# Visual Studio Version 16
VisualStudioVersion = 16.0.30204.135
MinimumVisualStudioVersion = 10.0.40219.1
Project("{FAE04EC0-301F-11D3-BF4B-00C04F79EFBC}") = "SiteMapBuilder", "SiteMapBuilder.csproj", "{F55C4431-DCF7-4478-A97C-597F38F0C67C}"
EndProject
Global
	GlobalSection(SolutionConfigurationPlatforms) = preSolution
		Debug|Any CPU = Debug|Any CPU
		Release|Any CPU = Release|Any CPU
	EndGlobalSection
	GlobalSection(ProjectConfigurationPlatforms) = postSolution
		{F55C4431-DCF7-4478-A97C-597F38F0C67C}.Debug|Any CPU.ActiveCfg = Debug|Any CPU
		{F55C4431-DCF7-4478-A97C-597F38F0C67C}.Debug|Any CPU.Build.0 = Debug|Any CPU
		{F55C4431-DCF7-4478-A97C-597F38F0C67C}.Release|Any CPU.ActiveCfg = Release|Any CPU
		{F55C4431-DCF7-4478-A97C-597F38F0C67C}.Release|Any CPU.Build.0 = Release|Any CPU
	EndGlobalSection
	GlobalSection(SolutionProperties) = preSolution
		HideSolutionNode = FALSE
	EndGlobalSection
	GlobalSection(ExtensibilityGlobals) = postSolution
		SolutionGuid = {2557EBCA-F389-46BE-B716-5299318A8E28}
	EndGlobalSection
EndGlobal
