
Microsoft Visual Studio Solution File, Format Version 12.00
# Visual Studio Version 16
VisualStudioVersion = 16.0.31205.134
MinimumVisualStudioVersion = 10.0.40219.1
Project("{FAE04EC0-301F-11D3-BF4B-00C04F79EFBC}") = "ASPNETCalculator", "ASPNETCalculator.csproj", "{66AE96CB-0278-4074-88D4-A158245BB0D6}"
EndProject
Global
	GlobalSection(SolutionConfigurationPlatforms) = preSolution
		Debug|Any CPU = Debug|Any CPU
		Release|Any CPU = Release|Any CPU
	EndGlobalSection
	GlobalSection(ProjectConfigurationPlatforms) = postSolution
		{66AE96CB-0278-4074-88D4-A158245BB0D6}.Debug|Any CPU.ActiveCfg = Debug|Any CPU
		{66AE96CB-0278-4074-88D4-A158245BB0D6}.Debug|Any CPU.Build.0 = Debug|Any CPU
		{66AE96CB-0278-4074-88D4-A158245BB0D6}.Release|Any CPU.ActiveCfg = Release|Any CPU
		{66AE96CB-0278-4074-88D4-A158245BB0D6}.Release|Any CPU.Build.0 = Release|Any CPU
	EndGlobalSection
	GlobalSection(SolutionProperties) = preSolution
		HideSolutionNode = FALSE
	EndGlobalSection
	GlobalSection(ExtensibilityGlobals) = postSolution
		SolutionGuid = {E8F4E86A-455E-415D-816B-F055CA7EE380}
	EndGlobalSection
EndGlobal
