
Microsoft Visual Studio Solution File, Format Version 12.00
# Visual Studio Version 16
VisualStudioVersion = 16.0.30621.155
MinimumVisualStudioVersion = 10.0.40219.1
Project("{FAE04EC0-301F-11D3-BF4B-00C04F79EFBC}") = "ImageTransformation", "ImageTransformation.csproj", "{75B248C9-AAE9-4B53-96D3-DEF6A2EEA3E9}"
EndProject
Global
	GlobalSection(SolutionConfigurationPlatforms) = preSolution
		Debug|Any CPU = Debug|Any CPU
		Release|Any CPU = Release|Any CPU
	EndGlobalSection
	GlobalSection(ProjectConfigurationPlatforms) = postSolution
		{75B248C9-AAE9-4B53-96D3-DEF6A2EEA3E9}.Debug|Any CPU.ActiveCfg = Debug|Any CPU
		{75B248C9-AAE9-4B53-96D3-DEF6A2EEA3E9}.Debug|Any CPU.Build.0 = Debug|Any CPU
		{75B248C9-AAE9-4B53-96D3-DEF6A2EEA3E9}.Release|Any CPU.ActiveCfg = Release|Any CPU
		{75B248C9-AAE9-4B53-96D3-DEF6A2EEA3E9}.Release|Any CPU.Build.0 = Release|Any CPU
	EndGlobalSection
	GlobalSection(SolutionProperties) = preSolution
		HideSolutionNode = FALSE
	EndGlobalSection
	GlobalSection(ExtensibilityGlobals) = postSolution
		SolutionGuid = {B4325931-4AB2-4857-8DBE-9F07998B6822}
	EndGlobalSection
EndGlobal
