
Microsoft Visual Studio Solution File, Format Version 12.00
# Visual Studio Version 16
VisualStudioVersion = 16.0.31410.357
MinimumVisualStudioVersion = 10.0.40219.1
Project("{FAE04EC0-301F-11D3-BF4B-00C04F79EFBC}") = "03-PhoneBook", "03-PhoneBook.csproj", "{C1F20E4A-AB03-47EC-A036-BFF54B5B8A46}"
EndProject
Global
	GlobalSection(SolutionConfigurationPlatforms) = preSolution
		Debug|Any CPU = Debug|Any CPU
		Release|Any CPU = Release|Any CPU
	EndGlobalSection
	GlobalSection(ProjectConfigurationPlatforms) = postSolution
		{C1F20E4A-AB03-47EC-A036-BFF54B5B8A46}.Debug|Any CPU.ActiveCfg = Debug|Any CPU
		{C1F20E4A-AB03-47EC-A036-BFF54B5B8A46}.Debug|Any CPU.Build.0 = Debug|Any CPU
		{C1F20E4A-AB03-47EC-A036-BFF54B5B8A46}.Release|Any CPU.ActiveCfg = Release|Any CPU
		{C1F20E4A-AB03-47EC-A036-BFF54B5B8A46}.Release|Any CPU.Build.0 = Release|Any CPU
	EndGlobalSection
	GlobalSection(SolutionProperties) = preSolution
		HideSolutionNode = FALSE
	EndGlobalSection
	GlobalSection(ExtensibilityGlobals) = postSolution
		SolutionGuid = {D49D0E99-4BB9-41F8-892B-CCE7ECCE2F83}
	EndGlobalSection
EndGlobal
