
Microsoft Visual Studio Solution File, Format Version 12.00
# Visual Studio Version 16
VisualStudioVersion = 16.0.30204.135
MinimumVisualStudioVersion = 10.0.40219.1
Project("{FAE04EC0-301F-11D3-BF4B-00C04F79EFBC}") = "AsyncAwait", "AsyncAwait.csproj", "{20E17054-C5E1-4E1A-9B19-05302D347A98}"
EndProject
Global
	GlobalSection(SolutionConfigurationPlatforms) = preSolution
		Debug|Any CPU = Debug|Any CPU
		Release|Any CPU = Release|Any CPU
	EndGlobalSection
	GlobalSection(ProjectConfigurationPlatforms) = postSolution
		{20E17054-C5E1-4E1A-9B19-05302D347A98}.Debug|Any CPU.ActiveCfg = Debug|Any CPU
		{20E17054-C5E1-4E1A-9B19-05302D347A98}.Debug|Any CPU.Build.0 = Debug|Any CPU
		{20E17054-C5E1-4E1A-9B19-05302D347A98}.Release|Any CPU.ActiveCfg = Release|Any CPU
		{20E17054-C5E1-4E1A-9B19-05302D347A98}.Release|Any CPU.Build.0 = Release|Any CPU
	EndGlobalSection
	GlobalSection(SolutionProperties) = preSolution
		HideSolutionNode = FALSE
	EndGlobalSection
	GlobalSection(ExtensibilityGlobals) = postSolution
		SolutionGuid = {CE1247EA-4900-4081-9584-95D32E161F51}
	EndGlobalSection
EndGlobal
