
Microsoft Visual Studio Solution File, Format Version 12.00
# Visual Studio Version 16
VisualStudioVersion = 16.0.30104.148
MinimumVisualStudioVersion = 10.0.40219.1
Project("{FAE04EC0-301F-11D3-BF4B-00C04F79EFBC}") = "Bridge", "Bridge.csproj", "{53DB479E-8BB9-471E-9C64-A5E05D8C2897}"
EndProject
Global
	GlobalSection(SolutionConfigurationPlatforms) = preSolution
		Debug|Any CPU = Debug|Any CPU
		Release|Any CPU = Release|Any CPU
	EndGlobalSection
	GlobalSection(ProjectConfigurationPlatforms) = postSolution
		{53DB479E-8BB9-471E-9C64-A5E05D8C2897}.Debug|Any CPU.ActiveCfg = Debug|Any CPU
		{53DB479E-8BB9-471E-9C64-A5E05D8C2897}.Debug|Any CPU.Build.0 = Debug|Any CPU
		{53DB479E-8BB9-471E-9C64-A5E05D8C2897}.Release|Any CPU.ActiveCfg = Release|Any CPU
		{53DB479E-8BB9-471E-9C64-A5E05D8C2897}.Release|Any CPU.Build.0 = Release|Any CPU
	EndGlobalSection
	GlobalSection(SolutionProperties) = preSolution
		HideSolutionNode = FALSE
	EndGlobalSection
	GlobalSection(ExtensibilityGlobals) = postSolution
		SolutionGuid = {B39BF861-A699-47F0-8C42-D29AD5312EB5}
	EndGlobalSection
EndGlobal
