
Microsoft Visual Studio Solution File, Format Version 12.00
# Visual Studio Version 16
VisualStudioVersion = 16.0.30104.148
MinimumVisualStudioVersion = 10.0.40219.1
Project("{FAE04EC0-301F-11D3-BF4B-00C04F79EFBC}") = "Composite", "Composite.csproj", "{D27B746E-BF2B-4492-B7C3-231241DBF9DC}"
EndProject
Global
	GlobalSection(SolutionConfigurationPlatforms) = preSolution
		Debug|Any CPU = Debug|Any CPU
		Release|Any CPU = Release|Any CPU
	EndGlobalSection
	GlobalSection(ProjectConfigurationPlatforms) = postSolution
		{D27B746E-BF2B-4492-B7C3-231241DBF9DC}.Debug|Any CPU.ActiveCfg = Debug|Any CPU
		{D27B746E-BF2B-4492-B7C3-231241DBF9DC}.Debug|Any CPU.Build.0 = Debug|Any CPU
		{D27B746E-BF2B-4492-B7C3-231241DBF9DC}.Release|Any CPU.ActiveCfg = Release|Any CPU
		{D27B746E-BF2B-4492-B7C3-231241DBF9DC}.Release|Any CPU.Build.0 = Release|Any CPU
	EndGlobalSection
	GlobalSection(SolutionProperties) = preSolution
		HideSolutionNode = FALSE
	EndGlobalSection
	GlobalSection(ExtensibilityGlobals) = postSolution
		SolutionGuid = {CFE31DA6-5586-4BFC-85DC-DE55460FA555}
	EndGlobalSection
EndGlobal
